
Microsoft Visual Studio Solution File, Format Version 12.00
# Visual Studio Version 17
VisualStudioVersion = 17.11.35303.130
MinimumVisualStudioVersion = 10.0.40219.1
Project("{FAE04EC0-301F-11D3-BF4B-00C04F79EFBC}") = "Ejercicio1", "Ejercicio1\Ejercicio1.csproj", "{1B032B4E-DBAC-4AF6-8F85-D81B7530FA79}"
EndProject
Global
	GlobalSection(SolutionConfigurationPlatforms) = preSolution
		Debug|Any CPU = Debug|Any CPU
		Release|Any CPU = Release|Any CPU
	EndGlobalSection
	GlobalSection(ProjectConfigurationPlatforms) = postSolution
		{1B032B4E-DBAC-4AF6-8F85-D81B7530FA79}.Debug|Any CPU.ActiveCfg = Debug|Any CPU
		{1B032B4E-DBAC-4AF6-8F85-D81B7530FA79}.Debug|Any CPU.Build.0 = Debug|Any CPU
		{1B032B4E-DBAC-4AF6-8F85-D81B7530FA79}.Release|Any CPU.ActiveCfg = Release|Any CPU
		{1B032B4E-DBAC-4AF6-8F85-D81B7530FA79}.Release|Any CPU.Build.0 = Release|Any CPU
	EndGlobalSection
	GlobalSection(SolutionProperties) = preSolution
		HideSolutionNode = FALSE
	EndGlobalSection
	GlobalSection(ExtensibilityGlobals) = postSolution
		SolutionGuid = {9134CF15-9657-4EFB-ADD4-71A52698340E}
	EndGlobalSection
EndGlobal
